{
    "_meta": {
        "hash": {
            "sha256": "9619b88354550e1901c17e526ff7ee3a1d63b0d6d5b1067ebc21e12180c6a403"
        },
        "pipfile-spec": 6,
        "requires": {
            "python_version": "3.7"
        },
        "sources": [
            {
                "name": "pypi",
                "url": "https://pypi.org/simple",
                "verify_ssl": true
            }
        ]
    },
    "default": {
        "asn1crypto": {
            "hashes": [
                "sha256:4bcdf33c861c7d40bdcd74d8e4dd7661aac320fcdf40b9a3f95b4ee12fde2fa8",
                "sha256:f4f6e119474e58e04a2b1af817eb585b4fd72bdd89b998624712b5c99be7641c"
            ],
            "version": "==1.4.0"
        },
        "backoff": {
            "hashes": [
                "sha256:a2d9e32819829be681e2a1264d55172e7ddbb409b93d7388b442b894f630ba33",
                "sha256:dde694bf8df7478956e9ebc1fa1de48f04ba22de6798cb5e1a237320336fc0a8"
            ],
            "index": "pypi",
            "version": "==1.7.1"
        },
        "cachetools": {
            "hashes": [
                "sha256:2cc0b89715337ab6dbba85b5b50effe2b0c74e035d83ee8ed637cf52f12ae001",
                "sha256:61b5ed1e22a0924aed1d23b478f37e8d52549ff8a961de2909c69bf950020cff"
            ],
            "version": "==4.2.2"
        },
        "certifi": {
            "hashes": [
                "sha256:1a4995114262bffbc2413b159f2a1a480c969de6e6eb13ee966d470af86af59c",
                "sha256:719a74fb9e33b9bd44cc7f3a8d94bc35e4049deebe19ba7d8e108280cfd59830"
            ],
            "version": "==2020.12.5"
        },
        "cffi": {
            "hashes": [
                "sha256:005a36f41773e148deac64b08f233873a4d0c18b053d37da83f6af4d9087b813",
                "sha256:0857f0ae312d855239a55c81ef453ee8fd24136eaba8e87a2eceba644c0d4c06",
                "sha256:1071534bbbf8cbb31b498d5d9db0f274f2f7a865adca4ae429e147ba40f73dea",
                "sha256:158d0d15119b4b7ff6b926536763dc0714313aa59e320ddf787502c70c4d4bee",
                "sha256:1f436816fc868b098b0d63b8920de7d208c90a67212546d02f84fe78a9c26396",
                "sha256:2894f2df484ff56d717bead0a5c2abb6b9d2bf26d6960c4604d5c48bbc30ee73",
                "sha256:29314480e958fd8aab22e4a58b355b629c59bf5f2ac2492b61e3dc06d8c7a315",
                "sha256:34eff4b97f3d982fb93e2831e6750127d1355a923ebaeeb565407b3d2f8d41a1",
                "sha256:35f27e6eb43380fa080dccf676dece30bef72e4a67617ffda586641cd4508d49",
                "sha256:3d3dd4c9e559eb172ecf00a2a7517e97d1e96de2a5e610bd9b68cea3925b4892",
                "sha256:43e0b9d9e2c9e5d152946b9c5fe062c151614b262fda2e7b201204de0b99e482",
                "sha256:48e1c69bbacfc3d932221851b39d49e81567a4d4aac3b21258d9c24578280058",
                "sha256:51182f8927c5af975fece87b1b369f722c570fe169f9880764b1ee3bca8347b5",
                "sha256:58e3f59d583d413809d60779492342801d6e82fefb89c86a38e040c16883be53",
                "sha256:5de7970188bb46b7bf9858eb6890aad302577a5f6f75091fd7cdd3ef13ef3045",
                "sha256:65fa59693c62cf06e45ddbb822165394a288edce9e276647f0046e1ec26920f3",
                "sha256:69e395c24fc60aad6bb4fa7e583698ea6cc684648e1ffb7fe85e3c1ca131a7d5",
                "sha256:6c97d7350133666fbb5cf4abdc1178c812cb205dc6f41d174a7b0f18fb93337e",
                "sha256:6e4714cc64f474e4d6e37cfff31a814b509a35cb17de4fb1999907575684479c",
                "sha256:72d8d3ef52c208ee1c7b2e341f7d71c6fd3157138abf1a95166e6165dd5d4369",
                "sha256:8ae6299f6c68de06f136f1f9e69458eae58f1dacf10af5c17353eae03aa0d827",
                "sha256:8b198cec6c72df5289c05b05b8b0969819783f9418e0409865dac47288d2a053",
                "sha256:99cd03ae7988a93dd00bcd9d0b75e1f6c426063d6f03d2f90b89e29b25b82dfa",
                "sha256:9cf8022fb8d07a97c178b02327b284521c7708d7c71a9c9c355c178ac4bbd3d4",
                "sha256:9de2e279153a443c656f2defd67769e6d1e4163952b3c622dcea5b08a6405322",
                "sha256:9e93e79c2551ff263400e1e4be085a1210e12073a31c2011dbbda14bda0c6132",
                "sha256:9ff227395193126d82e60319a673a037d5de84633f11279e336f9c0f189ecc62",
                "sha256:a465da611f6fa124963b91bf432d960a555563efe4ed1cc403ba5077b15370aa",
                "sha256:ad17025d226ee5beec591b52800c11680fca3df50b8b29fe51d882576e039ee0",
                "sha256:afb29c1ba2e5a3736f1c301d9d0abe3ec8b86957d04ddfa9d7a6a42b9367e396",
                "sha256:b85eb46a81787c50650f2392b9b4ef23e1f126313b9e0e9013b35c15e4288e2e",
                "sha256:bb89f306e5da99f4d922728ddcd6f7fcebb3241fc40edebcb7284d7514741991",
                "sha256:cbde590d4faaa07c72bf979734738f328d239913ba3e043b1e98fe9a39f8b2b6",
                "sha256:cd2868886d547469123fadc46eac7ea5253ea7fcb139f12e1dfc2bbd406427d1",
                "sha256:d42b11d692e11b6634f7613ad8df5d6d5f8875f5d48939520d351007b3c13406",
                "sha256:f2d45f97ab6bb54753eab54fffe75aaf3de4ff2341c9daee1987ee1837636f1d",
                "sha256:fd78e5fee591709f32ef6edb9a015b4aa1a5022598e36227500c8f4e02328d9c"
            ],
            "version": "==1.14.5"
        },
        "chardet": {
            "hashes": [
                "sha256:84ab92ed1c4d4f16916e05906b6b75a6c0fb5db821cc65e70cbd64a3e2a5eaae",
                "sha256:fc323ffcaeaed0e0a02bf4d117757b98aed530d9ed4531e3e15460124c106691"
            ],
            "version": "==3.0.4"
        },
        "cryptography": {
            "hashes": [
                "sha256:21af753934f2f6d1a10fe8f4c0a64315af209ef6adeaee63ca349797d747d687",
                "sha256:27bb401a20a838d6d0ea380f08c6ead3ccd8c9d8a0232dc9adcc0e4994576a66",
                "sha256:29720c4253263cff9aea64585adbbe85013ba647f6e98367efff9db2d7193ded",
                "sha256:2a35b7570d8f247889784010aac8b384fd2e4a47b33e15c4a60b45a7c1944120",
                "sha256:42c531a6a354407f42ee07fda5c2c0dc822cf6d52744949c182f2b295fbd4183",
                "sha256:5eb86f03f9c4f0ac2336ac5431271072ddf7ecc76b338e26366732cfac58aa19",
                "sha256:67f7f57eae8dede577f3f7775957f5bec93edd6bdb6ce597bb5b28e1bdf3d4fb",
                "sha256:6ec84edcbc966ae460560a51a90046503ff0b5b66157a9efc61515c68059f6c8",
                "sha256:7ba834564daef87557e7fcd35c3c3183a4147b0b3a57314e53317360b9b201b3",
                "sha256:7d7f084cbe1fdb82be5a0545062b59b1ad3637bc5a48612ac2eb428ff31b31ea",
                "sha256:82409f5150e529d699e5c33fa8fd85e965104db03bc564f5f4b6a9199e591f7c",
                "sha256:87d092a7c2a44e5f7414ab02fb4145723ebba411425e1a99773531dd4c0e9b8d",
                "sha256:8c56ef989342e42b9fcaba7c74b446f0cc9bed546dd00034fa7ad66fc00307ef",
                "sha256:9449f5d4d7c516a6118fa9210c4a00f34384cb1d2028672100ee0c6cce49d7f6",
                "sha256:bc2301170986ad82d9349a91eb8884e0e191209c45f5541b16aa7c0cfb135978",
                "sha256:c132bab45d4bd0fff1d3fe294d92b0a6eb8404e93337b3127bdec9f21de117e6",
                "sha256:c3d945b7b577f07a477700f618f46cbc287af3a9222cd73035c6ef527ef2c363",
                "sha256:cee18beb4c807b5c0b178f4fa2fae03cef9d51821a358c6890f8b23465b7e5d2",
                "sha256:d01dfc5c2b3495184f683574e03c70022674ca9a7be88589c5aba130d835ea90"
            ],
            "version": "==2.3"
        },
        "faker": {
            "hashes": [
                "sha256:228419b0a788a7ac867ebfafdd438461559ab1a0975edb607300852d9acaa78d",
                "sha256:52a3dcc6a565b15fe1c95090321756d5a8a7c1caf5ab3df2f573ed70936ff518"
            ],
            "index": "pypi",
            "version": "==1.0.1"
        },
        "gevent": {
            "hashes": [
                "sha256:1f277c5cf060b30313c5f9b91588f4c645e11839e14a63c83fcf6f24b1bc9b95",
                "sha256:298a04a334fb5e3dcd6f89d063866a09155da56041bc94756da59db412cb45b1",
                "sha256:30e9b2878d5b57c68a40b3a08d496bcdaefc79893948989bb9b9fab087b3f3c0",
                "sha256:33533bc5c6522883e4437e901059fe5afa3ea74287eeea27a130494ff130e731",
                "sha256:3f06f4802824c577272960df003a304ce95b3e82eea01dad2637cc8609c80e2c",
                "sha256:419fd562e4b94b91b58cccb3bd3f17e1a11f6162fca6c591a7822bc8a68f023d",
                "sha256:4ea938f44b882e02cca9583069d38eb5f257cc15a03e918980c307e7739b1038",
                "sha256:51143a479965e3e634252a0f4a1ea07e5307cf8dc773ef6bf9dfe6741785fb4c",
                "sha256:5bf9bd1dd4951552d9207af3168f420575e3049016b9c10fe0c96760ce3555b7",
                "sha256:6004512833707a1877cc1a5aea90fd182f569e089bc9ab22a81d480dad018f1b",
                "sha256:640b3b52121ab519e0980cb38b572df0d2bc76941103a697e828c13d76ac8836",
                "sha256:6951655cc18b8371d823e81c700883debb0f633aae76f425dfeb240f76b95a67",
                "sha256:71eeb8d9146e8131b65c3364bb760b097c21b7b9fdbec91bf120685a510f997a",
                "sha256:7c899e5a6f94d6310352716740f05e41eb8c52d995f27fc01e90380913aa8f22",
                "sha256:8465f84ba31aaf52a080837e9c5ddd592ab0a21dfda3212239ce1e1796f4d503",
                "sha256:99de2e38dde8669dd30a8a1261bdb39caee6bd00a5f928d01dfdb85ab0502562",
                "sha256:9fa4284b44bc42bef6e437488d000ae37499ccee0d239013465638504c4565b7",
                "sha256:a1beea0443d3404c03e069d4c4d9fc13d8ec001771c77f9a23f01911a41f0e49",
                "sha256:a66a26b78d90d7c4e9bf9efb2b2bd0af49234604ac52eaca03ea79ac411e3f6d",
                "sha256:a94e197bd9667834f7bb6bd8dff1736fab68619d0f8cd78a9c1cebe3c4944677",
                "sha256:ac0331d3a3289a3d16627742be9c8969f293740a31efdedcd9087dadd6b2da57",
                "sha256:d26b57c50bf52fb38dadf3df5bbecd2236f49d7ac98f3cf32d6b8a2d25afc27f",
                "sha256:fd23b27387d76410eb6a01ea13efc7d8b4b95974ba212c336e8b1d6ab45a9578"
            ],
            "index": "pypi",
            "version": "==1.3.7"
        },
        "google-api-core": {
            "extras": [
                "grpc"
            ],
            "hashes": [
                "sha256:099762d4b4018cd536bcf85136bf337957da438807572db52f21dc61251be089",
                "sha256:b914345c7ea23861162693a27703bab804a55504f7e6e9abcaff174d80df32ac"
            ],
            "version": "==1.26.3"
        },
        "google-auth": {
            "hashes": [
                "sha256:588bdb03a41ecb4978472b847881e5518b5d9ec6153d3d679aa127a55e13b39f",
                "sha256:9ad25fba07f46a628ad4d0ca09f38dcb262830df2ac95b217f9b0129c9e42206"
            ],
            "version": "==1.30.0"
        },
        "google-cloud-monitoring": {
            "hashes": [
                "sha256:61a0f94e4e014f869121b2133c5025f16b9db3985f1de7c7ad4f482012b2124a",
                "sha256:e8816e283d1389a572272333ee22f81ec5b709a4698703a1f81e7c33072ed799"
            ],
            "index": "pypi",
            "version": "==0.31.0"
        },
        "googleapis-common-protos": {
            "hashes": [
                "sha256:a88ee8903aa0a81f6c3cec2d5cf62d3c8aa67c06439b0496b49048fb1854ebf4",
                "sha256:f6d561ab8fb16b30020b940e2dd01cd80082f4762fa9f3ee670f4419b4b8dbd0"
            ],
            "version": "==1.53.0"
        },
        "greenlet": {
            "hashes": [
                "sha256:0a77691f0080c9da8dfc81e23f4e3cffa5accf0f5b56478951016d7cfead9196",
                "sha256:0ddd77586553e3daf439aa88b6642c5f252f7ef79a39271c25b1d4bf1b7cbb85",
                "sha256:111cfd92d78f2af0bc7317452bd93a477128af6327332ebf3c2be7df99566683",
                "sha256:122c63ba795fdba4fc19c744df6277d9cfd913ed53d1a286f12189a0265316dd",
                "sha256:181300f826625b7fd1182205b830642926f52bd8cdb08b34574c9d5b2b1813f7",
                "sha256:1a1ada42a1fd2607d232ae11a7b3195735edaa49ea787a6d9e6a53afaf6f3476",
                "sha256:1bb80c71de788b36cefb0c3bb6bfab306ba75073dbde2829c858dc3ad70f867c",
                "sha256:1d1d4473ecb1c1d31ce8fd8d91e4da1b1f64d425c1dc965edc4ed2a63cfa67b2",
                "sha256:292e801fcb3a0b3a12d8c603c7cf340659ea27fd73c98683e75800d9fd8f704c",
                "sha256:2c65320774a8cd5fdb6e117c13afa91c4707548282464a18cf80243cf976b3e6",
                "sha256:4365eccd68e72564c776418c53ce3c5af402bc526fe0653722bc89efd85bf12d",
                "sha256:5352c15c1d91d22902582e891f27728d8dac3bd5e0ee565b6a9f575355e6d92f",
                "sha256:58ca0f078d1c135ecf1879d50711f925ee238fe773dfe44e206d7d126f5bc664",
                "sha256:5d4030b04061fdf4cbc446008e238e44936d77a04b2b32f804688ad64197953c",
                "sha256:5d69bbd9547d3bc49f8a545db7a0bd69f407badd2ff0f6e1a163680b5841d2b0",
                "sha256:5f297cb343114b33a13755032ecf7109b07b9a0020e841d1c3cedff6602cc139",
                "sha256:62afad6e5fd70f34d773ffcbb7c22657e1d46d7fd7c95a43361de979f0a45aef",
                "sha256:647ba1df86d025f5a34043451d7c4a9f05f240bee06277a524daad11f997d1e7",
                "sha256:719e169c79255816cdcf6dccd9ed2d089a72a9f6c42273aae12d55e8d35bdcf8",
                "sha256:7cd5a237f241f2764324396e06298b5dee0df580cf06ef4ada0ff9bff851286c",
                "sha256:875d4c60a6299f55df1c3bb870ebe6dcb7db28c165ab9ea6cdc5d5af36bb33ce",
                "sha256:90b6a25841488cf2cb1c8623a53e6879573010a669455046df5f029d93db51b7",
                "sha256:94620ed996a7632723a424bccb84b07e7b861ab7bb06a5aeb041c111dd723d36",
                "sha256:b5f1b333015d53d4b381745f5de842f19fe59728b65f0fbb662dafbe2018c3a5",
                "sha256:c5b22b31c947ad8b6964d4ed66776bcae986f73669ba50620162ba7c832a6b6a",
                "sha256:c93d1a71c3fe222308939b2e516c07f35a849c5047f0197442a4d6fbcb4128ee",
                "sha256:cdb90267650c1edb54459cdb51dab865f6c6594c3a47ebd441bc493360c7af70",
                "sha256:cfd06e0f0cc8db2a854137bd79154b61ecd940dce96fad0cba23fe31de0b793c",
                "sha256:d3789c1c394944084b5e57c192889985a9f23bd985f6d15728c745d380318128",
                "sha256:da7d09ad0f24270b20f77d56934e196e982af0d0a2446120cb772be4e060e1a2",
                "sha256:df3e83323268594fa9755480a442cabfe8d82b21aba815a71acf1bb6c1776218",
                "sha256:df8053867c831b2643b2c489fe1d62049a98566b1646b194cc815f13e27b90df",
                "sha256:e1128e022d8dce375362e063754e129750323b67454cac5600008aad9f54139e",
                "sha256:e6e9fdaf6c90d02b95e6b0709aeb1aba5affbbb9ccaea5502f8638e4323206be",
                "sha256:eac8803c9ad1817ce3d8d15d1bb82c2da3feda6bee1153eec5c58fa6e5d3f770",
                "sha256:eb333b90036358a0e2c57373f72e7648d7207b76ef0bd00a4f7daad1f79f5203",
                "sha256:ed1d1351f05e795a527abc04a0d82e9aecd3bdf9f46662c36ff47b0b00ecaf06",
                "sha256:f3dc68272990849132d6698f7dc6df2ab62a88b0d36e54702a8fd16c0490e44f",
                "sha256:f59eded163d9752fd49978e0bab7a1ff21b1b8d25c05f0995d140cc08ac83379",
                "sha256:f5e2d36c86c7b03c94b8459c3bd2c9fe2c7dab4b258b8885617d44a22e453fb7",
                "sha256:f6f65bf54215e4ebf6b01e4bb94c49180a589573df643735107056f7a910275b",
                "sha256:f8450d5ef759dbe59f84f2c9f77491bb3d3c44bc1a573746daf086e70b14c243",
                "sha256:f97d83049715fd9dec7911860ecf0e17b48d8725de01e45de07d8ac0bd5bc378"
            ],
            "markers": "platform_python_implementation == 'CPython'",
            "version": "==1.0.0"
        },
        "grpcio": {
            "hashes": [
                "sha256:025fa7dffb0cf724070cfcbe2ff600a18b0cf84642ede5c92f2717162e2a8c95",
                "sha256:0b8817acef140cb9a3543208c13282d3bf4bb0103e930ddbb779677604085ada",
                "sha256:0d64b5995e17eb9f086e82e6a4edadd1295827b593be71b516e7a442067784b5",
                "sha256:1aab01ee3e4b88ed6419f0b25ff21c83deb6c823c6fb77e655def0796526e3a3",
                "sha256:1de472a3c2a3d89d4d400d8179f2777ec99f7da0e87c0c1f196226141816d621",
                "sha256:22b0cc3531d3c405fae9a8519004a0e62ecbd1f005b55b3622098a4881d36b96",
                "sha256:23666be3ed366f647f09c9caf89c48ca0daa12be8fe4786e5a368a6cd69de1f6",
                "sha256:264f6d9a922f5124f79f50b1880349fd16c657a9b4fdf0f29fca939d40584f7f",
                "sha256:30807f3979ebb3872588fa166876a2a24febe17e0db5950d5bedd67320d11b8c",
                "sha256:30ba9712547c9497a438bfeb2c7f393fa983df1609e1c81243d4b0d1b1bfefbf",
                "sha256:34d6f626062e7ef47ab30ff8976825c58fa8846ccd8c645b57291ccc74b9d413",
                "sha256:37e265b72e69ef8e33efca8d1123bdc349ae3eabb92563e76adfce209c9df51a",
                "sha256:3ee1bef5f5e4208998cdef44933db3c30c52a7ebde424cfc4186404ffded1d35",
                "sha256:4493365334baaa3d775f5e4a91d9a844ac676560232223405a0964dfddb31924",
                "sha256:4850c96d3a22d941b0d6af4dccbc739caec7f367b783aad049c843b28b458ff0",
                "sha256:494cce1709f7cd63c2610c25b41f886048f1d993511ddb23f766b77ac142ba78",
                "sha256:4c0503b5ef6fcabc52c296d750a095ef29fd707d0f85322e95e5c261b3a684f9",
                "sha256:5dabaac759a98bcfd979d22874dcd7ccf8779678a2fe841d355dd93fee143974",
                "sha256:609297d3d5d32f47e04bf7dc61c7756df50bc37dec4dfd63e996388eba42fb3b",
                "sha256:640f49187105fb6c2b1b7acea06df3b0ccf5fe33a075c73b8a741013bc5cc802",
                "sha256:67b482c810d05d9317e29b82900864ab888b9f842701906ba54c3eb176cd8eab",
                "sha256:6ad11c1ea337720a42fc31959bd44a38b8837e3ae25bdab681e2e1a28096b02a",
                "sha256:6f44b8244bafcbea63daff222ae1b27d048b9d8fd47eb3d11e61ee092078e766",
                "sha256:728292f5ccb849f30774c0805ef5c39452b3a5f4d193ac499ae5b78d268ff64b",
                "sha256:74aad86c7c1b9163d01c3d9e75861e9b09c65e0947592ca315c30353a0f6c4d1",
                "sha256:7533d2c9698dd3038fcf3dd0df243b76a9e0db8008f8575c305e20a3593189eb",
                "sha256:7b2a2cf3621f94b123a9d7a68e4a8d948b29520136f096927f7c9653f24c8fca",
                "sha256:80c3c9d24ecd236571d3c86657243431a8bafef022dcce83f9f2aeb6eecb96b9",
                "sha256:8d3cdca5cfd6761a8824bc8acc8ac7bc37ad5ef75899308ca0458cf7952ce12d",
                "sha256:8f5a16f8b650efddd5ff3f750cca5b45c045923be13e79cdd1b886332307f46a",
                "sha256:9364f35949c3cff5470b583a03ccfd927b71cbe1ab7583a6529d5d67ed76e91e",
                "sha256:9674fffd1f599aec7389a61d48c1a8c8aaba69591609895911c6d8386d86dd45",
                "sha256:99a627471275f93d400399b55e4c1d798602ff79d693e7def0a0b276912bff7e",
                "sha256:a1cd40eac72d3c914eea73f8f7730ddbd86061098a8ce712d1ce108e9d87d449",
                "sha256:ac4174b1cf4daea0653fcfee7676bb04a8a43644e9ddf1913834d1542a9c697b",
                "sha256:ad03ff6b15f3481f3c999d5d22b5c56295dffc49b8e2cbdbc04c7bf358d3034e",
                "sha256:b7cc965538da06c9e9cf0e01bae91f274c75baf224ca6a734717c0f003ddf1f2",
                "sha256:b948a00764fee55cf111e0bf3d987167557152abf879f2c13bd2f278a6247ded",
                "sha256:c87599137f6022ed5079b0df47da83134b9810d4b00999b87edfc901347f26a9",
                "sha256:d232802ba15b465000263bc17171f9863173b7669bdd72dbdffdfcc0f6e637dc",
                "sha256:d7ae05ded17c4697ef80784dc89cad3025db0d90c5a8a0ada47a8d0749617d58",
                "sha256:df8305806311d3fe913d4f7eb3ef28e2072159ea12f95baab5d447f1380a71e3",
                "sha256:e236d0580f7e69a35c420ce60f960b294e9dc973b8c31499fa476eb4d4ba4088",
                "sha256:e3e0fb7d32f163699cef5132b060e3f613dc914408164eb3e3ac69095861ea04",
                "sha256:e72d8df53624098d8b1fe01c961888d61f90d7c0aa8116d76db80a535da9b445",
                "sha256:e7da0319003d150611b30cd864e0474a283324b3db9107107aa3ef9a71c53130",
                "sha256:ee0537fe2423307b885ba44e6789249e6d7624247cb38a20b9f38f4b40f5ab03",
                "sha256:f1287ae8a3bef97fd702dac95967aaf52031a6dceb2bd30da165f16e3b617293",
                "sha256:f6a73167fce4a41e5c0b34ceaad1048a14e9eeb4fc324da49da0537c199efab7",
                "sha256:f933dd10948a5e5ed4258a1581e45aec1bb84069e62368084eb2dcf4cce51e78",
                "sha256:fa279b99878bae9b804c09e023f2b47de79d0b5e813ab85ddf28673784d610f0"
            ],
            "version": "==1.37.1"
        },
        "idna": {
            "hashes": [
                "sha256:c357b3f628cf53ae2c4c05627ecc484553142ca23264e593d327bcde5e9c3407",
                "sha256:ea8b7f6188e6fa117537c3df7da9fc686d485087abf6ac197f9c46432f7e4a3c"
            ],
            "version": "==2.8"
        },
        "jwcrypto": {
            "hashes": [
                "sha256:3158ea0ccb70407ec441e76d67aeb827ff85adb142291c1d184f8b8bd4dbdb93",
                "sha256:82ea1ec2a2246d69858652796f19d3d88b01e1da14602c1dce5daf02a65b20ac"
            ],
            "version": "==0.5"
        },
        "packaging": {
            "hashes": [
                "sha256:5b327ac1320dc863dca72f4514ecc086f31186744b84a230374cc1fd776feae5",
                "sha256:67714da7f7bc052e064859c05c595155bd1ee9f69f76557e21f051443c20947a"
            ],
            "version": "==20.9"
        },
        "protobuf": {
            "hashes": [
                "sha256:0277f62b1e42210cafe79a71628c1d553348da81cbd553402a7f7549c50b11d0",
                "sha256:07eec4e2ccbc74e95bb9b3afe7da67957947ee95bdac2b2e91b038b832dd71f0",
                "sha256:1c0e9e56202b9dccbc094353285a252e2b7940b74fdf75f1b4e1b137833fabd7",
                "sha256:1f0b5d156c3df08cc54bc2c8b8b875648ea4cd7ebb2a9a130669f7547ec3488c",
                "sha256:2dc0e8a9e4962207bdc46a365b63a3f1aca6f9681a5082a326c5837ef8f4b745",
                "sha256:3053f13207e7f13dc7be5e9071b59b02020172f09f648e85dc77e3fcb50d1044",
                "sha256:4a054b0b5900b7ea7014099e783fb8c4618e4209fffcd6050857517b3f156e18",
                "sha256:510e66491f1a5ac5953c908aa8300ec47f793130097e4557482803b187a8ee05",
                "sha256:5ff9fa0e67fcab442af9bc8d4ec3f82cb2ff3be0af62dba047ed4187f0088b7d",
                "sha256:90270fe5732c1f1ff664a3bd7123a16456d69b4e66a09a139a00443a32f210b8",
                "sha256:a0a08c6b2e6d6c74a6eb5bf6184968eefb1569279e78714e239d33126e753403",
                "sha256:c5566f956a26cda3abdfacc0ca2e21db6c9f3d18f47d8d4751f2209d6c1a5297",
                "sha256:dab75b56a12b1ceb3e40808b5bd9dfdaef3a1330251956e6744e5b6ed8f8830b",
                "sha256:efa4c4d4fc9ba734e5e85eaced70e1b63fb3c8d08482d839eb838566346f1737",
                "sha256:f17b352d7ce33c81773cf81d536ca70849de6f73c96413f17309f4b43ae7040b",
                "sha256:f42c2f5fb67da5905bfc03733a311f72fa309252bcd77c32d1462a1ad519521e",
                "sha256:f6077db37bfa16494dca58a4a02bfdacd87662247ad6bc1f7f8d13ff3f0013e1",
                "sha256:f80afc0a0ba13339bbab25ca0409e9e2836b12bb012364c06e97c2df250c3343",
                "sha256:f9cadaaa4065d5dd4d15245c3b68b967b3652a3108e77f292b58b8c35114b56c",
                "sha256:fad4f971ec38d8df7f4b632c819bf9bbf4f57cfd7312cf526c69ce17ef32436a"
            ],
            "version": "==3.15.8"
        },
        "pyasn1": {
            "hashes": [
                "sha256:39c7e2ec30515947ff4e87fb6f456dfc6e84857d34be479c9d4a4ba4bf46aa5d",
                "sha256:aef77c9fb94a3ac588e87841208bdec464471d9871bd5050a287cc9a475cd0ba"
            ],
            "version": "==0.4.8"
        },
        "pyasn1-modules": {
            "hashes": [
                "sha256:905f84c712230b2c592c19470d3ca8d552de726050d1d1716282a1f6146be65e",
                "sha256:a50b808ffeb97cb3601dd25981f6b016cbb3d31fbf57a8b8a87428e6158d0c74"
            ],
            "version": "==0.2.8"
        },
        "pycparser": {
            "hashes": [
                "sha256:2d475327684562c3a96cc71adf7dc8c4f0565175cf86b6d7a404ff4c771f15f0",
                "sha256:7582ad22678f0fcd81102833f60ef8d0e57288b6b5fb00323d101be910e35705"
            ],
            "version": "==2.20"
        },
        "pyparsing": {
            "hashes": [
                "sha256:c203ec8783bf771a155b207279b9bccb8dea02d8f0c9e5f8ead507bc3246ecc1",
                "sha256:ef9d7589ef3c200abe66653d3f1ab1033c3c419ae9b9bdb1240a85b024efc88b"
            ],
            "version": "==2.4.7"
        },
        "python-dateutil": {
            "hashes": [
                "sha256:73ebfe9dbf22e832286dafa60473e4cd239f8592f699aa5adaf10050e6e1823c",
                "sha256:75bb3f31ea686f1197762692a9ee6a7550b59fc6ca3a1f4b5d7e32fb98e2da2a"
            ],
            "version": "==2.8.1"
        },
        "pytz": {
            "hashes": [
                "sha256:83a4a90894bf38e243cf052c8b58f381bfe9a7a483f6a9cab140bc7f702ac4da",
                "sha256:eb10ce3e7736052ed3623d49975ce333bcd712c7bb19a58b9e2089d4057d0798"
            ],
            "version": "==2021.1"
        },
        "pyyaml": {
            "hashes": [
                "sha256:3d7da3009c0f3e783b2c873687652d83b1bbfd5c88e9813fb7e5b03c0dd3108b",
                "sha256:3ef3092145e9b70e3ddd2c7ad59bdd0252a94dfe3949721633e41344de00a6bf",
                "sha256:40c71b8e076d0550b2e6380bada1f1cd1017b882f7e16f09a65be98e017f211a",
                "sha256:558dd60b890ba8fd982e05941927a3911dc409a63dcb8b634feaa0cda69330d3",
                "sha256:a7c28b45d9f99102fa092bb213aa12e0aaf9a6a1f5e395d36166639c1f96c3a1",
                "sha256:aa7dd4a6a427aed7df6fb7f08a580d68d9b118d90310374716ae90b710280af1",
                "sha256:bc558586e6045763782014934bfaf39d48b8ae85a2713117d16c39864085c613",
                "sha256:d46d7982b62e0729ad0175a9bc7e10a566fc07b224d2c79fafb5e032727eaa04",
                "sha256:d5eef459e30b09f5a098b9cea68bebfeb268697f78d647bd255a085371ac7f3f",
                "sha256:e01d3203230e1786cd91ccfdc8f8454c8069c91bee3962ad93b87a4b2860f537",
                "sha256:e170a9e6fcfd19021dd29845af83bb79236068bf5fd4df3327c1be18182b2531"
            ],
            "version": "==3.13"
        },
        "requests": {
            "hashes": [
                "sha256:502a824f31acdacb3a35b6690b5fbf0bc41d63a24a45c4004352b0242707598e",
                "sha256:7bf2a778576d825600030a110f3c0e3e8edc51dfaafe1c146e39a2027784957b"
            ],
            "index": "pypi",
            "version": "==2.21.0"
        },
        "rsa": {
            "hashes": [
                "sha256:69805d6b69f56eb05b62daea3a7dbd7aa44324ad1306445e05da8060232d00f4",
                "sha256:a8774e55b59fd9fc893b0d05e9bfc6f47081f46ff5b46f39ccf24631b7be356b"
            ],
            "index": "pypi",
            "version": "==4.7"
        },
        "sdc-cryptography": {
            "hashes": [
                "sha256:11e20b816835137b125f3e8331e7cbfa30801651a775014b1abdd9fac850b227",
                "sha256:37d7d14197014038dfa63eaaecac46c48a05e0f3fd23c1cdb1d9f6d612e6e31e"
            ],
            "index": "pypi",
            "version": "==0.2.3"
        },
        "six": {
            "hashes": [
                "sha256:30639c035cdb23534cd4aa2dd52c3bf48f06e5f4a941509c8bafd8ce11080259",
                "sha256:8b74bedcbbbaca38ff6d7491d76f2b06b3592611af620f8426e82dddb04a5ced"
            ],
            "version": "==1.15.0"
        },
        "text-unidecode": {
            "hashes": [
                "sha256:5a1375bb2ba7968740508ae38d92e1f889a0832913cb1c447d5e2046061a396d",
                "sha256:801e38bd550b943563660a91de8d4b6fa5df60a542be9093f7abf819f86050cc"
            ],
            "version": "==1.2"
        },
        "urllib3": {
            "hashes": [
                "sha256:2393a695cd12afedd0dcb26fe5d50d0cf248e5a66f75dbd89a3d4eb333a61af4",
                "sha256:a637e5fae88995b256e3409dc4d52c2e2e0ba32c42a6365fee8bbd2238de3cfb"
            ],
            "version": "==1.24.3"
        }
    },
    "develop": {}
}
